
Microsoft Visual Studio Solution File, Format Version 12.00
Project("{FAE04EC0-301F-11D3-BF4B-00C04F79EFBC}") = "Birds", "Birds\Birds.csproj", "{C72E6F5F-D2C5-4E39-9EE0-D30AF01AB527}"
EndProject
Global
	GlobalSection(SolutionConfigurationPlatforms) = preSolution
		Debug|Any CPU = Debug|Any CPU
		Release|Any CPU = Release|Any CPU
	EndGlobalSection
	GlobalSection(ProjectConfigurationPlatforms) = postSolution
		{C72E6F5F-D2C5-4E39-9EE0-D30AF01AB527}.Debug|Any CPU.ActiveCfg = Debug|Any CPU
		{C72E6F5F-D2C5-4E39-9EE0-D30AF01AB527}.Debug|Any CPU.Build.0 = Debug|Any CPU
		{C72E6F5F-D2C5-4E39-9EE0-D30AF01AB527}.Release|Any CPU.ActiveCfg = Release|Any CPU
		{C72E6F5F-D2C5-4E39-9EE0-D30AF01AB527}.Release|Any CPU.Build.0 = Release|Any CPU
	EndGlobalSection
EndGlobal
